
Microsoft Visual Studio Solution File, Format Version 12.00
# Visual Studio 2012
Project("{FAE04EC0-301F-11D3-BF4B-00C04F79EFBC}") = "WindowsGame8", "WindowsGame8\WindowsGame8\WindowsGame8.csproj", "{CB653A65-24DD-400D-B5DE-88799A19EA9A}"
EndProject
Project("{96E2B04D-8817-42C6-938A-82C39BA4D311}") = "WindowsGame8Content", "WindowsGame8\WindowsGame8Content\WindowsGame8Content.contentproj", "{9A03C9CE-3511-466F-AACA-0FA0ED6D8DEB}"
EndProject
Global
	GlobalSection(SolutionConfigurationPlatforms) = preSolution
		Debug|x86 = Debug|x86
		Release|x86 = Release|x86
	EndGlobalSection
	GlobalSection(ProjectConfigurationPlatforms) = postSolution
		{CB653A65-24DD-400D-B5DE-88799A19EA9A}.Debug|x86.ActiveCfg = Debug|x86
		{CB653A65-24DD-400D-B5DE-88799A19EA9A}.Debug|x86.Build.0 = Debug|x86
		{CB653A65-24DD-400D-B5DE-88799A19EA9A}.Release|x86.ActiveCfg = Release|x86
		{CB653A65-24DD-400D-B5DE-88799A19EA9A}.Release|x86.Build.0 = Release|x86
		{9A03C9CE-3511-466F-AACA-0FA0ED6D8DEB}.Debug|x86.ActiveCfg = Debug|x86
		{9A03C9CE-3511-466F-AACA-0FA0ED6D8DEB}.Release|x86.ActiveCfg = Release|x86
	EndGlobalSection
	GlobalSection(SolutionProperties) = preSolution
		HideSolutionNode = FALSE
	EndGlobalSection
EndGlobal
